<?xml version="1.0" encoding="utf-8"?>
<Project ToolsVersion="4.0" xmlns="http://schemas.microsoft.com/developer/msbuild/2003">
  <ItemGroup>
    <Filter Include="Исходные файлы">
      <UniqueIdentifier>{4FC737F1-C7A5-4376-A066-2A32D752A2FF}</UniqueIdentifier>
      <Extensions>cpp;c;cc;cxx;c++;cppm;ixx;def;odl;idl;hpj;bat;asm;asmx</Extensions>
    </Filter>
    <Filter Include="Файлы заголовков">
      <UniqueIdentifier>{93995380-89BD-4b04-88EB-625FBE52EBFB}</UniqueIdentifier>
      <Extensions>h;hh;hpp;hxx;h++;hm;inl;inc;ipp;xsd</Extensions>
    </Filter>
    <Filter Include="Файлы ресурсов">
      <UniqueIdentifier>{97bd246e-aa36-4b37-a510-412cca842f33}</UniqueIdentifier>
    </Filter>
  </ItemGroup>
  <ItemGroup>
    <ClCompile Include="EpsilonEngine.cpp">
      <Filter>Исходные файлы</Filter>
    </ClCompile>
    <ClCompile Include="Application.cpp">
      <Filter>Исходные файлы</Filter>
    </ClCompile>
    <ClCompile Include="StartScreen.cpp">
      <Filter>Исходные файлы</Filter>
    </ClCompile>
    <ClCompile Include="Menu.cpp">
      <Filter>Исходные файлы</Filter>
    </ClCompile>
    <ClCompile Include="Labels\UsualButton.cpp">
      <Filter>Исходные файлы</Filter>
    </ClCompile>
    <ClCompile Include="Labels\RenderText.cpp">
      <Filter>Исходные файлы</Filter>
    </ClCompile>
    <ClCompile Include="Labels\RenderImage.cpp">
      <Filter>Исходные файлы</Filter>
    </ClCompile>
    <ClCompile Include="Labels\Rect.cpp">
      <Filter>Исходные файлы</Filter>
    </ClCompile>
    <ClCompile Include="Labels\ImageButton.cpp">
      <Filter>Исходные файлы</Filter>
    </ClCompile>
    <ClCompile Include="Labels\Button.cpp">
      <Filter>Исходные файлы</Filter>
    </ClCompile>
    <ClCompile Include="Labels\Background.cpp">
      <Filter>Исходные файлы</Filter>
    </ClCompile>
    <ClCompile Include="Labels\ActiveButton.cpp">
      <Filter>Исходные файлы</Filter>
    </ClCompile>
  </ItemGroup>
  <ItemGroup>
    <ClInclude Include="Application.h">
      <Filter>Файлы заголовков</Filter>
    </ClInclude>
    <ClInclude Include="IScreen.h">
      <Filter>Файлы заголовков</Filter>
    </ClInclude>
    <ClInclude Include="StartScreen.h">
      <Filter>Файлы заголовков</Filter>
    </ClInclude>
    <ClInclude Include="Menu.h">
      <Filter>Файлы заголовков</Filter>
    </ClInclude>
    <ClInclude Include="Buttons.hpp">
      <Filter>Файлы заголовков</Filter>
    </ClInclude>
    <ClInclude Include="Labels.hpp">
      <Filter>Файлы заголовков</Filter>
    </ClInclude>
    <ClInclude Include="Labels\UsualButton.h">
      <Filter>Файлы заголовков</Filter>
    </ClInclude>
    <ClInclude Include="Labels\IDrawable.h">
      <Filter>Файлы заголовков</Filter>
    </ClInclude>
    <ClInclude Include="Labels\RenderText.h">
      <Filter>Файлы заголовков</Filter>
    </ClInclude>
    <ClInclude Include="Labels\RenderImage.h">
      <Filter>Файлы заголовков</Filter>
    </ClInclude>
    <ClInclude Include="Labels\Rect.h">
      <Filter>Файлы заголовков</Filter>
    </ClInclude>
    <ClInclude Include="Labels\ISaveble.h">
      <Filter>Файлы заголовков</Filter>
    </ClInclude>
    <ClInclude Include="Labels\ImageButton.h">
      <Filter>Файлы заголовков</Filter>
    </ClInclude>
    <ClInclude Include="Labels\Button.h">
      <Filter>Файлы заголовков</Filter>
    </ClInclude>
    <ClInclude Include="Labels\Background.h">
      <Filter>Файлы заголовков</Filter>
    </ClInclude>
    <ClInclude Include="Labels\ActiveButton.h">
      <Filter>Файлы заголовков</Filter>
    </ClInclude>
    <ClInclude Include="resource.h">
      <Filter>Файлы заголовков</Filter>
    </ClInclude>
  </ItemGroup>
  <ItemGroup>
    <None Include="packages.config" />
  </ItemGroup>
  <ItemGroup>
    <Font Include="src\fonts\Nexa-Trial-Bold.ttf">
      <Filter>Файлы ресурсов</Filter>
    </Font>
  </ItemGroup>
  <ItemGroup>
    <Image Include="src\icons\DarkIcon.png">
      <Filter>Файлы ресурсов</Filter>
    </Image>
    <Image Include="src\icons\LightIcon.png">
      <Filter>Файлы ресурсов</Filter>
    </Image>
    <Image Include="src\pngs\start\Dark.png">
      <Filter>Файлы ресурсов</Filter>
    </Image>
    <Image Include="src\pngs\start\Light.png">
      <Filter>Файлы ресурсов</Filter>
    </Image>
  </ItemGroup>
  <ItemGroup>
    <ResourceCompile Include="EpsilonEngine1.rc" />
  </ItemGroup>
</Project>